
Microsoft Visual Studio Solution File, Format Version 12.00
# Visual Studio Version 17
VisualStudioVersion = 17.14.36414.22 d17.14
MinimumVisualStudioVersion = 10.0.40219.1
Project("{FAE04EC0-301F-11D3-BF4B-00C04F79EFBC}") = "DiamondMarket", "DiamondMarket.csproj", "{A140EC0E-E8EB-403F-B98A-058930666FD3}"
EndProject
Global
	GlobalSection(SolutionConfigurationPlatforms) = preSolution
		Debug|Any CPU = Debug|Any CPU
		Release|Any CPU = Release|Any CPU
	EndGlobalSection
	GlobalSection(ProjectConfigurationPlatforms) = postSolution
		{A140EC0E-E8EB-403F-B98A-058930666FD3}.Debug|Any CPU.ActiveCfg = Debug|Any CPU
		{A140EC0E-E8EB-403F-B98A-058930666FD3}.Debug|Any CPU.Build.0 = Debug|Any CPU
		{A140EC0E-E8EB-403F-B98A-058930666FD3}.Release|Any CPU.ActiveCfg = Release|Any CPU
		{A140EC0E-E8EB-403F-B98A-058930666FD3}.Release|Any CPU.Build.0 = Release|Any CPU
	EndGlobalSection
	GlobalSection(SolutionProperties) = preSolution
		HideSolutionNode = FALSE
	EndGlobalSection
	GlobalSection(ExtensibilityGlobals) = postSolution
		SolutionGuid = {706A5CE0-524D-4107-8381-4FFED7E8329F}
	EndGlobalSection
EndGlobal
